# THIS IS AN AUTOGENERATED FILE. DO NOT EDIT THIS FILE DIRECTLY.
# yarn lockfile v1


"@next/env@14.2.26":
  version "14.2.26"
  resolved "https://registry.yarnpkg.com/@next/env/-/env-14.2.26.tgz#5d55f72d2edb7246607c78f61e7d3ff21516bc2e"
  integrity sha512-vO//GJ/YBco+H7xdQhzJxF7ub3SUwft76jwaeOyVVQFHCi5DCnkP16WHB+JBylo4vOKPoZBlR94Z8xBxNBdNJA==

"@next/swc-darwin-arm64@14.2.26":
  version "14.2.26"
  resolved "https://registry.yarnpkg.com/@next/swc-darwin-arm64/-/swc-darwin-arm64-14.2.26.tgz#84b31a22149b2c49f5c5b29cddd7acb3a84d7e1c"
  integrity sha512-zDJY8gsKEseGAxG+C2hTMT0w9Nk9N1Sk1qV7vXYz9MEiyRoF5ogQX2+vplyUMIfygnjn9/A04I6yrUTRTuRiyQ==

"@next/swc-darwin-x64@14.2.26":
  version "14.2.26"
  resolved "https://registry.yarnpkg.com/@next/swc-darwin-x64/-/swc-darwin-x64-14.2.26.tgz#50a5eb37972d313951f76f36f1f0b7100d063ebd"
  integrity sha512-U0adH5ryLfmTDkahLwG9sUQG2L0a9rYux8crQeC92rPhi3jGQEY47nByQHrVrt3prZigadwj/2HZ1LUUimuSbg==

"@next/swc-linux-arm64-gnu@14.2.26":
  version "14.2.26"
  resolved "https://registry.yarnpkg.com/@next/swc-linux-arm64-gnu/-/swc-linux-arm64-gnu-14.2.26.tgz#c4278c157623b05886e37ff17194811aca1c2d00"
  integrity sha512-SINMl1I7UhfHGM7SoRiw0AbwnLEMUnJ/3XXVmhyptzriHbWvPPbbm0OEVG24uUKhuS1t0nvN/DBvm5kz6ZIqpg==

"@next/swc-linux-arm64-musl@14.2.26":
  version "14.2.26"
  resolved "https://registry.yarnpkg.com/@next/swc-linux-arm64-musl/-/swc-linux-arm64-musl-14.2.26.tgz#5751132764b7a1f13a5a3fe447b03d564eb29705"
  integrity sha512-s6JaezoyJK2DxrwHWxLWtJKlqKqTdi/zaYigDXUJ/gmx/72CrzdVZfMvUc6VqnZ7YEvRijvYo+0o4Z9DencduA==

"@next/swc-linux-x64-gnu@14.2.26":
  version "14.2.26"
  resolved "https://registry.yarnpkg.com/@next/swc-linux-x64-gnu/-/swc-linux-x64-gnu-14.2.26.tgz#74312cac45704762faa73e0880be6549027303af"
  integrity sha512-FEXeUQi8/pLr/XI0hKbe0tgbLmHFRhgXOUiPScz2hk0hSmbGiU8aUqVslj/6C6KA38RzXnWoJXo4FMo6aBxjzg==

"@next/swc-linux-x64-musl@14.2.26":
  version "14.2.26"
  resolved "https://registry.yarnpkg.com/@next/swc-linux-x64-musl/-/swc-linux-x64-musl-14.2.26.tgz#5d96464d71d2000ec704e650a1a86bb9d73f760d"
  integrity sha512-BUsomaO4d2DuXhXhgQCVt2jjX4B4/Thts8nDoIruEJkhE5ifeQFtvW5c9JkdOtYvE5p2G0hcwQ0UbRaQmQwaVg==

"@next/swc-win32-arm64-msvc@14.2.26":
  version "14.2.26"
  resolved "https://registry.yarnpkg.com/@next/swc-win32-arm64-msvc/-/swc-win32-arm64-msvc-14.2.26.tgz#859472b532b11499b8f5c2237f54401456286913"
  integrity sha512-5auwsMVzT7wbB2CZXQxDctpWbdEnEW/e66DyXO1DcgHxIyhP06awu+rHKshZE+lPLIGiwtjo7bsyeuubewwxMw==

"@next/swc-win32-ia32-msvc@14.2.26":
  version "14.2.26"
  resolved "https://registry.yarnpkg.com/@next/swc-win32-ia32-msvc/-/swc-win32-ia32-msvc-14.2.26.tgz#e52e9bd0c43b7a469b03eda6d7a07c3d0c28f549"
  integrity sha512-GQWg/Vbz9zUGi9X80lOeGsz1rMH/MtFO/XqigDznhhhTfDlDoynCM6982mPCbSlxJ/aveZcKtTlwfAjwhyxDpg==

"@next/swc-win32-x64-msvc@14.2.26":
  version "14.2.26"
  resolved "https://registry.yarnpkg.com/@next/swc-win32-x64-msvc/-/swc-win32-x64-msvc-14.2.26.tgz#6f42a3ae16ae15c5c5e36efa9b7e291c86ab1275"
  integrity sha512-2rdB3T1/Gp7bv1eQTTm9d1Y1sv9UuJ2LAwOE0Pe2prHKe32UNscj7YS13fRB37d0GAiGNR+Y7ZcW8YjDI8Ns0w==

"@swc/counter@^0.1.3":
  version "0.1.3"
  resolved "https://registry.yarnpkg.com/@swc/counter/-/counter-0.1.3.tgz#cc7463bd02949611c6329596fccd2b0ec782b0e9"
  integrity sha512-e2BR4lsJkkRlKZ/qCHPw9ZaSxc0MVUd7gtbtaB7aMvHeJVYe8sOB8DBZkP2DtISHGSku9sCK6T6cnY0CtXrOCQ==

"@swc/helpers@0.5.5":
  version "0.5.5"
  resolved "https://registry.yarnpkg.com/@swc/helpers/-/helpers-0.5.5.tgz#12689df71bfc9b21c4f4ca00ae55f2f16c8b77c0"
  integrity sha512-KGYxvIOXcceOAbEk4bi/dVLEK9z8sZ0uBB3Il5b1rhfClSpcX0yfRO0KmTkqR2cnQDymwLB+25ZyMzICg/cm/A==
  dependencies:
    "@swc/counter" "^0.1.3"
    tslib "^2.4.0"

"@types/node@20.10.8":
  version "20.10.8"
  resolved "https://registry.yarnpkg.com/@types/node/-/node-20.10.8.tgz#f1e223cbde9e25696661d167a5b93a9b2a5d57c7"
  integrity sha512-f8nQs3cLxbAFc00vEU59yf9UyGUftkPaLGfvbVOIDdx2i1b8epBqj2aNGyP19fiyXWvlmZ7qC1XLjAzw/OKIeA==
  dependencies:
    undici-types "~5.26.4"

"@types/prop-types@*":
  version "15.7.14"
  resolved "https://registry.yarnpkg.com/@types/prop-types/-/prop-types-15.7.14.tgz#1433419d73b2a7ebfc6918dcefd2ec0d5cd698f2"
  integrity sha512-gNMvNH49DJ7OJYv+KAKn0Xp45p8PLl6zo2YnvDIbTd4J6MER2BmWN49TG7n9LvkyihINxeKW8+3bfS2yDC9dzQ==

"@types/react-dom@18.2.18":
  version "18.2.18"
  resolved "https://registry.yarnpkg.com/@types/react-dom/-/react-dom-18.2.18.tgz#16946e6cd43971256d874bc3d0a72074bb8571dd"
  integrity sha512-TJxDm6OfAX2KJWJdMEVTwWke5Sc/E/RlnPGvGfS0W7+6ocy2xhDVQVh/KvC2Uf7kACs+gDytdusDSdWfWkaNzw==
  dependencies:
    "@types/react" "*"

"@types/react@*":
  version "19.1.0"
  resolved "https://registry.yarnpkg.com/@types/react/-/react-19.1.0.tgz#73c43ad9bc43496ca8184332b111e2aef63fc9da"
  integrity sha512-UaicktuQI+9UKyA4njtDOGBD/67t8YEBt2xdfqu8+gP9hqPUPsiXlNPcpS2gVdjmis5GKPG3fCxbQLVgxsQZ8w==
  dependencies:
    csstype "^3.0.2"

"@types/react@18.2.47":
  version "18.2.47"
  resolved "https://registry.yarnpkg.com/@types/react/-/react-18.2.47.tgz#85074b27ab563df01fbc3f68dc64bf7050b0af40"
  integrity sha512-xquNkkOirwyCgoClNk85BjP+aqnIS+ckAJ8i37gAbDs14jfW/J23f2GItAf33oiUPQnqNMALiFeoM9Y5mbjpVQ==
  dependencies:
    "@types/prop-types" "*"
    "@types/scheduler" "*"
    csstype "^3.0.2"

"@types/scheduler@*":
  version "0.26.0"
  resolved "https://registry.yarnpkg.com/@types/scheduler/-/scheduler-0.26.0.tgz#2b7183b9bbb622d130b23bedf06899b7fec7eed5"
  integrity sha512-WFHp9YUJQ6CKshqoC37iOlHnQSmxNc795UhB26CyBBttrN9svdIrUjl/NjnNmfcwtncN0h/0PPAFWv9ovP8mLA==

busboy@1.6.0:
  version "1.6.0"
  resolved "https://registry.yarnpkg.com/busboy/-/busboy-1.6.0.tgz#966ea36a9502e43cdb9146962523b92f531f6893"
  integrity sha512-8SFQbg/0hQ9xy3UNTB0YEnsNBbWfhf7RtnzpL7TkBiTBRfrQ9Fxcnz7VJsleJpyp6rVLvXiuORqjlHi5q+PYuA==
  dependencies:
    streamsearch "^1.1.0"

caniuse-lite@^1.0.30001579:
  version "1.0.30001712"
  resolved "https://registry.yarnpkg.com/caniuse-lite/-/caniuse-lite-1.0.30001712.tgz#41ee150f12de11b5f57c5889d4f30deb451deedf"
  integrity sha512-MBqPpGYYdQ7/hfKiet9SCI+nmN5/hp4ZzveOJubl5DTAMa5oggjAuoi0Z4onBpKPFI2ePGnQuQIzF3VxDjDJig==

client-only@0.0.1:
  version "0.0.1"
  resolved "https://registry.yarnpkg.com/client-only/-/client-only-0.0.1.tgz#38bba5d403c41ab150bff64a95c85013cf73bca1"
  integrity sha512-IV3Ou0jSMzZrd3pZ48nLkT9DA7Ag1pnPzaiQhpW7c3RbcqqzvzzVu+L8gfqMp/8IM2MQtSiqaCxrrcfu8I8rMA==

csstype@^3.0.2:
  version "3.1.3"
  resolved "https://registry.yarnpkg.com/csstype/-/csstype-3.1.3.tgz#d80ff294d114fb0e6ac500fbf85b60137d7eff81"
  integrity sha512-M1uQkMl8rQK/szD0LNhtqxIPLpimGm8sOBwU7lLnCpSbTyY3yeU1Vc7l4KT5zT4s/yOxHH5O7tIuuLOCnLADRw==

graceful-fs@^4.2.11:
  version "4.2.11"
  resolved "https://registry.yarnpkg.com/graceful-fs/-/graceful-fs-4.2.11.tgz#4183e4e8bf08bb6e05bbb2f7d2e0c8f712ca40e3"
  integrity sha512-RbJ5/jmFcNNCcDV5o9eTnBLJ/HszWV0P73bc+Ff4nS/rJj+YaS6IGyiOL0VoBYX+l1Wrl3k63h/KrH+nhJ0XvQ==

"js-tokens@^3.0.0 || ^4.0.0":
  version "4.0.0"
  resolved "https://registry.yarnpkg.com/js-tokens/-/js-tokens-4.0.0.tgz#19203fb59991df98e3a287050d4647cdeaf32499"
  integrity sha512-RdJUflcE3cUzKiMqQgsCu06FPu9UdIJO0beYbPhHN4k6apgJtifcoCtT9bcxOpYBtpD2kCM6Sbzg4CausW/PKQ==

loose-envify@^1.1.0:
  version "1.4.0"
  resolved "https://registry.yarnpkg.com/loose-envify/-/loose-envify-1.4.0.tgz#71ee51fa7be4caec1a63839f7e682d8132d30caf"
  integrity sha512-lyuxPGr/Wfhrlem2CL/UcnUc1zcqKAImBDzukY7Y5F/yQiNdko6+fRLevlw1HgMySw7f611UIY408EtxRSoK3Q==
  dependencies:
    js-tokens "^3.0.0 || ^4.0.0"

nanoid@^3.3.6:
  version "3.3.11"
  resolved "https://registry.yarnpkg.com/nanoid/-/nanoid-3.3.11.tgz#4f4f112cefbe303202f2199838128936266d185b"
  integrity sha512-N8SpfPUnUp1bK+PMYW8qSWdl9U+wwNWI4QKxOYDy9JAro3WMX7p2OeVRF9v+347pnakNevPmiHhNmZ2HbFA76w==

next@^14.2.17:
  version "14.2.26"
  resolved "https://registry.yarnpkg.com/next/-/next-14.2.26.tgz#b918b3fc5c55e1a67aada1347907675713687721"
  integrity sha512-b81XSLihMwCfwiUVRRja3LphLo4uBBMZEzBBWMaISbKTwOmq3wPknIETy/8000tr7Gq4WmbuFYPS7jOYIf+ZJw==
  dependencies:
    "@next/env" "14.2.26"
    "@swc/helpers" "0.5.5"
    busboy "1.6.0"
    caniuse-lite "^1.0.30001579"
    graceful-fs "^4.2.11"
    postcss "8.4.31"
    styled-jsx "5.1.1"
  optionalDependencies:
    "@next/swc-darwin-arm64" "14.2.26"
    "@next/swc-darwin-x64" "14.2.26"
    "@next/swc-linux-arm64-gnu" "14.2.26"
    "@next/swc-linux-arm64-musl" "14.2.26"
    "@next/swc-linux-x64-gnu" "14.2.26"
    "@next/swc-linux-x64-musl" "14.2.26"
    "@next/swc-win32-arm64-msvc" "14.2.26"
    "@next/swc-win32-ia32-msvc" "14.2.26"
    "@next/swc-win32-x64-msvc" "14.2.26"

picocolors@^1.0.0:
  version "1.1.1"
  resolved "https://registry.yarnpkg.com/picocolors/-/picocolors-1.1.1.tgz#3d321af3eab939b083c8f929a1d12cda81c26b6b"
  integrity sha512-xceH2snhtb5M9liqDsmEw56le376mTZkEX/jEb/RxNFyegNul7eNslCXP9FDj/Lcu0X8KEyMceP2ntpaHrDEVA==

postcss@8.4.31:
  version "8.4.31"
  resolved "https://registry.yarnpkg.com/postcss/-/postcss-8.4.31.tgz#92b451050a9f914da6755af352bdc0192508656d"
  integrity sha512-PS08Iboia9mts/2ygV3eLpY5ghnUcfLV/EXTOW1E2qYxJKGGBUtNjN76FYHnMs36RmARn41bC0AZmn+rR0OVpQ==
  dependencies:
    nanoid "^3.3.6"
    picocolors "^1.0.0"
    source-map-js "^1.0.2"

react-dom@^18.2.0:
  version "18.3.1"
  resolved "https://registry.yarnpkg.com/react-dom/-/react-dom-18.3.1.tgz#c2265d79511b57d479b3dd3fdfa51536494c5cb4"
  integrity sha512-5m4nQKp+rZRb09LNH59GM4BxTh9251/ylbKIbpe7TpGxfJ+9kv6BLkLBXIjjspbgbnIBNqlI23tRnTWT0snUIw==
  dependencies:
    loose-envify "^1.1.0"
    scheduler "^0.23.2"

react@^18.2.0:
  version "18.3.1"
  resolved "https://registry.yarnpkg.com/react/-/react-18.3.1.tgz#49ab892009c53933625bd16b2533fc754cab2891"
  integrity sha512-wS+hAgJShR0KhEvPJArfuPVN1+Hz1t0Y6n5jLrGQbkb4urgPE/0Rve+1kMB1v/oWgHgm4WIcV+i7F2pTVj+2iQ==
  dependencies:
    loose-envify "^1.1.0"

scheduler@^0.23.2:
  version "0.23.2"
  resolved "https://registry.yarnpkg.com/scheduler/-/scheduler-0.23.2.tgz#414ba64a3b282892e944cf2108ecc078d115cdc3"
  integrity sha512-UOShsPwz7NrMUqhR6t0hWjFduvOzbtv7toDH1/hIrfRNIDBnnBWd0CwJTGvTpngVlmwGCdP9/Zl/tVrDqcuYzQ==
  dependencies:
    loose-envify "^1.1.0"

source-map-js@^1.0.2:
  version "1.2.1"
  resolved "https://registry.yarnpkg.com/source-map-js/-/source-map-js-1.2.1.tgz#1ce5650fddd87abc099eda37dcff024c2667ae46"
  integrity sha512-UXWMKhLOwVKb728IUtQPXxfYU+usdybtUrK/8uGE8CQMvrhOpwvzDBwj0QhSL7MQc7vIsISBG8VQ8+IDQxpfQA==

streamsearch@^1.1.0:
  version "1.1.0"
  resolved "https://registry.yarnpkg.com/streamsearch/-/streamsearch-1.1.0.tgz#404dd1e2247ca94af554e841a8ef0eaa238da764"
  integrity sha512-Mcc5wHehp9aXz1ax6bZUyY5afg9u2rv5cqQI3mRrYkGC8rW2hM02jWuwjtL++LS5qinSyhj2QfLyNsuc+VsExg==

styled-jsx@5.1.1:
  version "5.1.1"
  resolved "https://registry.yarnpkg.com/styled-jsx/-/styled-jsx-5.1.1.tgz#839a1c3aaacc4e735fed0781b8619ea5d0009d1f"
  integrity sha512-pW7uC1l4mBZ8ugbiZrcIsiIvVx1UmTfw7UkC3Um2tmfUq9Bhk8IiyEIPl6F8agHgjzku6j0xQEZbfA5uSgSaCw==
  dependencies:
    client-only "0.0.1"

tslib@^2.4.0:
  version "2.8.1"
  resolved "https://registry.yarnpkg.com/tslib/-/tslib-2.8.1.tgz#612efe4ed235d567e8aba5f2a5fab70280ade83f"
  integrity sha512-oJFu94HQb+KVduSUQL7wnpmqnfmLsOA/nAh6b6EH0wCEoK0/mPeXU6c3wKDV83MkOuHPRHtSXKKU99IBazS/2w==

typescript@^5.3.3:
  version "5.8.3"
  resolved "https://registry.yarnpkg.com/typescript/-/typescript-5.8.3.tgz#92f8a3e5e3cf497356f4178c34cd65a7f5e8440e"
  integrity sha512-p1diW6TqL9L07nNxvRMM7hMMw4c5XOo/1ibL4aAIGmSAt9slTE1Xgw5KWuof2uTOvCg9BY7ZRi+GaF+7sfgPeQ==

undici-types@~5.26.4:
  version "5.26.5"
  resolved "https://registry.yarnpkg.com/undici-types/-/undici-types-5.26.5.tgz#bcd539893d00b56e964fd2657a4866b221a65617"
  integrity sha512-JlCMO+ehdEIKqlFxk6IfVoAUVmgz7cU7zD/h9XZ0qzeosSHmUJVOzSQvvYSYWXkFXC+IfLKSIffhv0sVZup6pA==
